
Microsoft Visual Studio Solution File, Format Version 12.00
# Visual Studio Version 16
VisualStudioVersion = 16.0.29503.13
MinimumVisualStudioVersion = 10.0.40219.1
Project("{FAE04EC0-301F-11D3-BF4B-00C04F79EFBC}") = "GradebookLocalApp", "GradebookLocalApp\GradebookLocalApp.csproj", "{CDC8BB02-965D-48E8-8A32-E679124C133C}"
EndProject
Global
	GlobalSection(SolutionConfigurationPlatforms) = preSolution
		Debug|Any CPU = Debug|Any CPU
		Release|Any CPU = Release|Any CPU
	EndGlobalSection
	GlobalSection(ProjectConfigurationPlatforms) = postSolution
		{CDC8BB02-965D-48E8-8A32-E679124C133C}.Debug|Any CPU.ActiveCfg = Debug|Any CPU
		{CDC8BB02-965D-48E8-8A32-E679124C133C}.Debug|Any CPU.Build.0 = Debug|Any CPU
		{CDC8BB02-965D-48E8-8A32-E679124C133C}.Release|Any CPU.ActiveCfg = Release|Any CPU
		{CDC8BB02-965D-48E8-8A32-E679124C133C}.Release|Any CPU.Build.0 = Release|Any CPU
	EndGlobalSection
	GlobalSection(SolutionProperties) = preSolution
		HideSolutionNode = FALSE
	EndGlobalSection
	GlobalSection(ExtensibilityGlobals) = postSolution
		SolutionGuid = {CED2ADED-E373-4766-8C58-2180DF05CC97}
	EndGlobalSection
EndGlobal
